{
    "_readme": [
        "This file locks the dependencies of your project to a known state",
        "Read more about it at https://getcomposer.org/doc/01-basic-usage.md#installing-dependencies",
        "This file is @generated automatically"
    ],
    "content-hash": "7f0ccc44ae7450986efdccf48d6e1883",
    "packages": [
        {
            "name": "justauthme/php-sdk",
            "version": "1.1.2",
            "source": {
                "type": "git",
                "url": "https://github.com/JustAuthMe/php-sdk.git",
                "reference": "344c7a688bc8a566eab2677772e5591e438ee3bb"
            },
            "dist": {
                "type": "zip",
                "url": "https://api.github.com/repos/JustAuthMe/php-sdk/zipball/344c7a688bc8a566eab2677772e5591e438ee3bb",
                "reference": "344c7a688bc8a566eab2677772e5591e438ee3bb",
                "shasum": ""
            },
            "require": {
                "ext-json": "*",
                "php": ">=7.1.0"
            },
            "type": "library",
            "autoload": {
                "psr-4": {
                    "JustAuthMe\\SDK\\": "src/"
                }
            },
            "notification-url": "https://packagist.org/downloads/",
            "license": [
                "mit"
            ],
            "authors": [
                {
                    "name": "Peter Cauty",
                    "email": "peter@justauth.me",
                    "homepage": "https://justauth.me"
                }
            ],
            "description": "Official PHP SDK for the JustAuthMe platform",
            "support": {
                "issues": "https://github.com/JustAuthMe/php-sdk/issues",
                "source": "https://github.com/JustAuthMe/php-sdk/tree/1.1.2"
            },
            "time": "2021-02-21T19:46:03+00:00"
        }
    ],
    "packages-dev": [],
    "aliases": [],
    "minimum-stability": "stable",
    "stability-flags": [],
    "prefer-stable": false,
    "prefer-lowest": false,
    "platform": {
        "php": "^8.0",
        "ext-iconv": "*",
        "ext-curl": "*",
        "ext-json": "*",
        "ext-pdo": "*",
        "ext-openssl": "*",
        "ext-redis": "*"
    },
    "platform-dev": [],
    "plugin-api-version": "2.0.0"
}
